
Microsoft Visual Studio Solution File, Format Version 12.00
# Visual Studio Version 16
VisualStudioVersion = 16.0.31702.278
MinimumVisualStudioVersion = 10.0.40219.1
Project("{FAE04EC0-301F-11D3-BF4B-00C04F79EFBC}") = "Assembly-CSharp", "Assembly-CSharp.csproj", "{E343C169-607F-1422-6882-9522D5439680}"
	ProjectSection(ProjectDependencies) = postProject
		{5666C0BE-2387-4808-9CA6-C3BAB50DAAF0} = {5666C0BE-2387-4808-9CA6-C3BAB50DAAF0}
	EndProjectSection
EndProject
Project("{9A19103F-16F7-4668-BE54-9A1E7A4F7556}") = "dnd", "..\..\dnd\dnd\dnd.csproj", "{5666C0BE-2387-4808-9CA6-C3BAB50DAAF0}"
EndProject
Project("{9A19103F-16F7-4668-BE54-9A1E7A4F7556}") = "test", "..\..\dnd\test\test.csproj", "{14500F36-5477-4144-BE3F-E5E5F7101E52}"
EndProject
Global
	GlobalSection(SolutionConfigurationPlatforms) = preSolution
		Debug|Any CPU = Debug|Any CPU
		Release|Any CPU = Release|Any CPU
	EndGlobalSection
	GlobalSection(ProjectConfigurationPlatforms) = postSolution
		{E343C169-607F-1422-6882-9522D5439680}.Debug|Any CPU.ActiveCfg = Debug|Any CPU
		{E343C169-607F-1422-6882-9522D5439680}.Debug|Any CPU.Build.0 = Debug|Any CPU
		{E343C169-607F-1422-6882-9522D5439680}.Release|Any CPU.ActiveCfg = Debug|Any CPU
		{E343C169-607F-1422-6882-9522D5439680}.Release|Any CPU.Build.0 = Debug|Any CPU
		{5666C0BE-2387-4808-9CA6-C3BAB50DAAF0}.Debug|Any CPU.ActiveCfg = Debug|Any CPU
		{5666C0BE-2387-4808-9CA6-C3BAB50DAAF0}.Debug|Any CPU.Build.0 = Debug|Any CPU
		{5666C0BE-2387-4808-9CA6-C3BAB50DAAF0}.Release|Any CPU.ActiveCfg = Release|Any CPU
		{5666C0BE-2387-4808-9CA6-C3BAB50DAAF0}.Release|Any CPU.Build.0 = Release|Any CPU
		{14500F36-5477-4144-BE3F-E5E5F7101E52}.Debug|Any CPU.ActiveCfg = Debug|Any CPU
		{14500F36-5477-4144-BE3F-E5E5F7101E52}.Debug|Any CPU.Build.0 = Debug|Any CPU
		{14500F36-5477-4144-BE3F-E5E5F7101E52}.Release|Any CPU.ActiveCfg = Release|Any CPU
		{14500F36-5477-4144-BE3F-E5E5F7101E52}.Release|Any CPU.Build.0 = Release|Any CPU
	EndGlobalSection
	GlobalSection(SolutionProperties) = preSolution
		HideSolutionNode = FALSE
	EndGlobalSection
	GlobalSection(ExtensibilityGlobals) = postSolution
		SolutionGuid = {6C4D6AFB-2153-4D55-BE29-B33AA22D4C89}
	EndGlobalSection
EndGlobal
