
Microsoft Visual Studio Solution File, Format Version 12.00
# Visual Studio Version 16
VisualStudioVersion = 16.0.31702.278
MinimumVisualStudioVersion = 10.0.40219.1
Project("{FAE04EC0-301F-11D3-BF4B-00C04F79EFBC}") = "Logic", "Logic\Logic.csproj", "{8259FE0A-9A17-4FF4-82CE-557832FB01FB}"
EndProject
Project("{FAE04EC0-301F-11D3-BF4B-00C04F79EFBC}") = "Tests", "Tests\Tests.csproj", "{461BC923-05E1-4A81-8A77-0751E8AB47F4}"
EndProject
Global
	GlobalSection(SolutionConfigurationPlatforms) = preSolution
		Debug|Any CPU = Debug|Any CPU
		Release|Any CPU = Release|Any CPU
	EndGlobalSection
	GlobalSection(ProjectConfigurationPlatforms) = postSolution
		{8259FE0A-9A17-4FF4-82CE-557832FB01FB}.Debug|Any CPU.ActiveCfg = Debug|Any CPU
		{8259FE0A-9A17-4FF4-82CE-557832FB01FB}.Debug|Any CPU.Build.0 = Debug|Any CPU
		{8259FE0A-9A17-4FF4-82CE-557832FB01FB}.Release|Any CPU.ActiveCfg = Release|Any CPU
		{8259FE0A-9A17-4FF4-82CE-557832FB01FB}.Release|Any CPU.Build.0 = Release|Any CPU
		{461BC923-05E1-4A81-8A77-0751E8AB47F4}.Debug|Any CPU.ActiveCfg = Debug|Any CPU
		{461BC923-05E1-4A81-8A77-0751E8AB47F4}.Debug|Any CPU.Build.0 = Debug|Any CPU
		{461BC923-05E1-4A81-8A77-0751E8AB47F4}.Release|Any CPU.ActiveCfg = Release|Any CPU
		{461BC923-05E1-4A81-8A77-0751E8AB47F4}.Release|Any CPU.Build.0 = Release|Any CPU
	EndGlobalSection
	GlobalSection(SolutionProperties) = preSolution
		HideSolutionNode = FALSE
	EndGlobalSection
	GlobalSection(ExtensibilityGlobals) = postSolution
		SolutionGuid = {A792B03F-0154-4806-8ADE-27262CE5FC56}
	EndGlobalSection
EndGlobal
