
Microsoft Visual Studio Solution File, Format Version 12.00
# Visual Studio Version 16
VisualStudioVersion = 16.0.31702.278
MinimumVisualStudioVersion = 10.0.40219.1
Project("{9A19103F-16F7-4668-BE54-9A1E7A4F7556}") = "dnd", "dnd\dnd.csproj", "{5C59940B-F2BF-49B9-BBC3-69BB455C8EC2}"
EndProject
Project("{9A19103F-16F7-4668-BE54-9A1E7A4F7556}") = "test", "test\test.csproj", "{A0C6D4B6-FD57-4F9C-92F1-A199DCE3D4A2}"
EndProject
Project("{FAE04EC0-301F-11D3-BF4B-00C04F79EFBC}") = "console", "console\console.csproj", "{8260ED26-0061-4EDB-A065-F8A34961412A}"
EndProject
Global
	GlobalSection(SolutionConfigurationPlatforms) = preSolution
		Debug|Any CPU = Debug|Any CPU
		Release|Any CPU = Release|Any CPU
	EndGlobalSection
	GlobalSection(ProjectConfigurationPlatforms) = postSolution
		{5C59940B-F2BF-49B9-BBC3-69BB455C8EC2}.Debug|Any CPU.ActiveCfg = Debug|Any CPU
		{5C59940B-F2BF-49B9-BBC3-69BB455C8EC2}.Debug|Any CPU.Build.0 = Debug|Any CPU
		{5C59940B-F2BF-49B9-BBC3-69BB455C8EC2}.Release|Any CPU.ActiveCfg = Release|Any CPU
		{5C59940B-F2BF-49B9-BBC3-69BB455C8EC2}.Release|Any CPU.Build.0 = Release|Any CPU
		{A0C6D4B6-FD57-4F9C-92F1-A199DCE3D4A2}.Debug|Any CPU.ActiveCfg = Debug|Any CPU
		{A0C6D4B6-FD57-4F9C-92F1-A199DCE3D4A2}.Debug|Any CPU.Build.0 = Debug|Any CPU
		{A0C6D4B6-FD57-4F9C-92F1-A199DCE3D4A2}.Release|Any CPU.ActiveCfg = Release|Any CPU
		{A0C6D4B6-FD57-4F9C-92F1-A199DCE3D4A2}.Release|Any CPU.Build.0 = Release|Any CPU
		{8260ED26-0061-4EDB-A065-F8A34961412A}.Debug|Any CPU.ActiveCfg = Debug|Any CPU
		{8260ED26-0061-4EDB-A065-F8A34961412A}.Debug|Any CPU.Build.0 = Debug|Any CPU
		{8260ED26-0061-4EDB-A065-F8A34961412A}.Release|Any CPU.ActiveCfg = Release|Any CPU
		{8260ED26-0061-4EDB-A065-F8A34961412A}.Release|Any CPU.Build.0 = Release|Any CPU
	EndGlobalSection
	GlobalSection(SolutionProperties) = preSolution
		HideSolutionNode = FALSE
	EndGlobalSection
	GlobalSection(ExtensibilityGlobals) = postSolution
		SolutionGuid = {4DB87DC6-FD0D-464F-9F1A-CFCE91500721}
	EndGlobalSection
EndGlobal
